
Microsoft Visual Studio Solution File, Format Version 12.00
# Visual Studio Version 17
VisualStudioVersion = 17.8.34525.116
MinimumVisualStudioVersion = 10.0.40219.1
Project("{2150E333-8FDC-42A3-9474-1A3956D46DE8}") = "FrontEnd", "FrontEnd", "{E3C476C3-1DF3-4769-BF5B-B4C274916A6D}"
EndProject
Project("{2150E333-8FDC-42A3-9474-1A3956D46DE8}") = "GateWay", "GateWay", "{B0335F6D-B2B9-4B04-B5AD-46EA3CE0289C}"
EndProject
Project("{2150E333-8FDC-42A3-9474-1A3956D46DE8}") = "Integration", "Integration", "{CD3AA1F4-E8EB-4EF3-BDED-C727C9AE97D2}"
EndProject
Project("{2150E333-8FDC-42A3-9474-1A3956D46DE8}") = "Services", "Services", "{0B7490EC-6714-4742-B6E9-F4F6F44927CF}"
EndProject
Project("{9A19103F-16F7-4668-BE54-9A1E7A4F7556}") = "CouponServices", "CouponServices\CouponServices.csproj", "{D35431A4-90CE-4D09-8C19-68EFE2E08F5C}"
EndProject
Project("{9A19103F-16F7-4668-BE54-9A1E7A4F7556}") = "CouponWeb", "CouponWeb\CouponWeb.csproj", "{31FF5257-96C7-4D38-A575-8FBFA3DAD3BC}"
EndProject
Project("{9A19103F-16F7-4668-BE54-9A1E7A4F7556}") = "User.AuthApi", "CouponService.AuthApi\User.AuthApi.csproj", "{157F4359-B068-41AF-B694-B1050EAE3EC1}"
EndProject
Project("{9A19103F-16F7-4668-BE54-9A1E7A4F7556}") = "ProductApi", "ProductApi\ProductApi.csproj", "{5D431497-E405-4FA7-A93C-BEB963F4A840}"
EndProject
Project("{9A19103F-16F7-4668-BE54-9A1E7A4F7556}") = "ShoppingCartApi", "ShoppingCartApi\ShoppingCartApi.csproj", "{CB80A6C0-2DBF-4575-9468-C0CEC0AA4717}"
EndProject
Project("{9A19103F-16F7-4668-BE54-9A1E7A4F7556}") = "MessageBus", "MessageBus\MessageBus.csproj", "{82D6D4EF-82A9-4843-BCEA-98C918F20C47}"
EndProject
Project("{FAE04EC0-301F-11D3-BF4B-00C04F79EFBC}") = "ServiceEmailApi", "ServiceEmailApi\ServiceEmailApi.csproj", "{4DEBF498-0802-440E-A35B-ADC2EFBF5B32}"
EndProject
Global
	GlobalSection(SolutionConfigurationPlatforms) = preSolution
		Debug|Any CPU = Debug|Any CPU
		Release|Any CPU = Release|Any CPU
	EndGlobalSection
	GlobalSection(ProjectConfigurationPlatforms) = postSolution
		{D35431A4-90CE-4D09-8C19-68EFE2E08F5C}.Debug|Any CPU.ActiveCfg = Debug|Any CPU
		{D35431A4-90CE-4D09-8C19-68EFE2E08F5C}.Debug|Any CPU.Build.0 = Debug|Any CPU
		{D35431A4-90CE-4D09-8C19-68EFE2E08F5C}.Release|Any CPU.ActiveCfg = Release|Any CPU
		{D35431A4-90CE-4D09-8C19-68EFE2E08F5C}.Release|Any CPU.Build.0 = Release|Any CPU
		{31FF5257-96C7-4D38-A575-8FBFA3DAD3BC}.Debug|Any CPU.ActiveCfg = Debug|Any CPU
		{31FF5257-96C7-4D38-A575-8FBFA3DAD3BC}.Debug|Any CPU.Build.0 = Debug|Any CPU
		{31FF5257-96C7-4D38-A575-8FBFA3DAD3BC}.Release|Any CPU.ActiveCfg = Release|Any CPU
		{31FF5257-96C7-4D38-A575-8FBFA3DAD3BC}.Release|Any CPU.Build.0 = Release|Any CPU
		{157F4359-B068-41AF-B694-B1050EAE3EC1}.Debug|Any CPU.ActiveCfg = Debug|Any CPU
		{157F4359-B068-41AF-B694-B1050EAE3EC1}.Debug|Any CPU.Build.0 = Debug|Any CPU
		{157F4359-B068-41AF-B694-B1050EAE3EC1}.Release|Any CPU.ActiveCfg = Release|Any CPU
		{157F4359-B068-41AF-B694-B1050EAE3EC1}.Release|Any CPU.Build.0 = Release|Any CPU
		{5D431497-E405-4FA7-A93C-BEB963F4A840}.Debug|Any CPU.ActiveCfg = Debug|Any CPU
		{5D431497-E405-4FA7-A93C-BEB963F4A840}.Debug|Any CPU.Build.0 = Debug|Any CPU
		{5D431497-E405-4FA7-A93C-BEB963F4A840}.Release|Any CPU.ActiveCfg = Release|Any CPU
		{5D431497-E405-4FA7-A93C-BEB963F4A840}.Release|Any CPU.Build.0 = Release|Any CPU
		{CB80A6C0-2DBF-4575-9468-C0CEC0AA4717}.Debug|Any CPU.ActiveCfg = Debug|Any CPU
		{CB80A6C0-2DBF-4575-9468-C0CEC0AA4717}.Debug|Any CPU.Build.0 = Debug|Any CPU
		{CB80A6C0-2DBF-4575-9468-C0CEC0AA4717}.Release|Any CPU.ActiveCfg = Release|Any CPU
		{CB80A6C0-2DBF-4575-9468-C0CEC0AA4717}.Release|Any CPU.Build.0 = Release|Any CPU
		{82D6D4EF-82A9-4843-BCEA-98C918F20C47}.Debug|Any CPU.ActiveCfg = Debug|Any CPU
		{82D6D4EF-82A9-4843-BCEA-98C918F20C47}.Debug|Any CPU.Build.0 = Debug|Any CPU
		{82D6D4EF-82A9-4843-BCEA-98C918F20C47}.Release|Any CPU.ActiveCfg = Release|Any CPU
		{82D6D4EF-82A9-4843-BCEA-98C918F20C47}.Release|Any CPU.Build.0 = Release|Any CPU
		{4DEBF498-0802-440E-A35B-ADC2EFBF5B32}.Debug|Any CPU.ActiveCfg = Debug|Any CPU
		{4DEBF498-0802-440E-A35B-ADC2EFBF5B32}.Debug|Any CPU.Build.0 = Debug|Any CPU
		{4DEBF498-0802-440E-A35B-ADC2EFBF5B32}.Release|Any CPU.ActiveCfg = Release|Any CPU
		{4DEBF498-0802-440E-A35B-ADC2EFBF5B32}.Release|Any CPU.Build.0 = Release|Any CPU
	EndGlobalSection
	GlobalSection(SolutionProperties) = preSolution
		HideSolutionNode = FALSE
	EndGlobalSection
	GlobalSection(NestedProjects) = preSolution
		{D35431A4-90CE-4D09-8C19-68EFE2E08F5C} = {0B7490EC-6714-4742-B6E9-F4F6F44927CF}
		{31FF5257-96C7-4D38-A575-8FBFA3DAD3BC} = {E3C476C3-1DF3-4769-BF5B-B4C274916A6D}
		{157F4359-B068-41AF-B694-B1050EAE3EC1} = {0B7490EC-6714-4742-B6E9-F4F6F44927CF}
		{5D431497-E405-4FA7-A93C-BEB963F4A840} = {0B7490EC-6714-4742-B6E9-F4F6F44927CF}
		{CB80A6C0-2DBF-4575-9468-C0CEC0AA4717} = {0B7490EC-6714-4742-B6E9-F4F6F44927CF}
		{82D6D4EF-82A9-4843-BCEA-98C918F20C47} = {CD3AA1F4-E8EB-4EF3-BDED-C727C9AE97D2}
		{4DEBF498-0802-440E-A35B-ADC2EFBF5B32} = {0B7490EC-6714-4742-B6E9-F4F6F44927CF}
	EndGlobalSection
	GlobalSection(ExtensibilityGlobals) = postSolution
		SolutionGuid = {6EC0F2F7-7750-456C-96EE-3A48C8F27804}
	EndGlobalSection
EndGlobal
